
Microsoft Visual Studio Solution File, Format Version 12.00
# Visual Studio Version 17
VisualStudioVersion = 17.14.36221.1 d17.14
MinimumVisualStudioVersion = 10.0.40219.1
Project("{FAE04EC0-301F-11D3-BF4B-00C04F79EFBC}") = "mTestAppV1", "mTestAppV1.csproj", "{7B7A5617-6FCF-6879-4893-74FC2EC1921C}"
EndProject
Project("{FAE04EC0-301F-11D3-BF4B-00C04F79EFBC}") = "mTestAppV1.Test", "..\mTestAppV1.Test\mTestAppV1.Test.csproj", "{688D92D0-E90E-46FD-9008-3F53B2415E0A}"
EndProject
Global
	GlobalSection(SolutionConfigurationPlatforms) = preSolution
		Debug|Any CPU = Debug|Any CPU
		Release|Any CPU = Release|Any CPU
	EndGlobalSection
	GlobalSection(ProjectConfigurationPlatforms) = postSolution
		{7B7A5617-6FCF-6879-4893-74FC2EC1921C}.Debug|Any CPU.ActiveCfg = Debug|Any CPU
		{7B7A5617-6FCF-6879-4893-74FC2EC1921C}.Debug|Any CPU.Build.0 = Debug|Any CPU
		{7B7A5617-6FCF-6879-4893-74FC2EC1921C}.Release|Any CPU.ActiveCfg = Release|Any CPU
		{7B7A5617-6FCF-6879-4893-74FC2EC1921C}.Release|Any CPU.Build.0 = Release|Any CPU
		{688D92D0-E90E-46FD-9008-3F53B2415E0A}.Debug|Any CPU.ActiveCfg = Debug|Any CPU
		{688D92D0-E90E-46FD-9008-3F53B2415E0A}.Debug|Any CPU.Build.0 = Debug|Any CPU
		{688D92D0-E90E-46FD-9008-3F53B2415E0A}.Release|Any CPU.ActiveCfg = Release|Any CPU
		{688D92D0-E90E-46FD-9008-3F53B2415E0A}.Release|Any CPU.Build.0 = Release|Any CPU
	EndGlobalSection
	GlobalSection(SolutionProperties) = preSolution
		HideSolutionNode = FALSE
	EndGlobalSection
	GlobalSection(ExtensibilityGlobals) = postSolution
		SolutionGuid = {65DF4297-DD74-49AA-9957-ED9D3A8B0166}
	EndGlobalSection
EndGlobal
